# This file was autogenerated by uv via the following command:
#    uv export --directory engine --no-emit-project --no-dev -o requirements.lock
attrs==26.1.0 \
    --hash=sha256:c647aa4a12dfbad9333ca4e71fe62ddc36f4e63b2d260a37a8b83d2f043ac309 \
    --hash=sha256:d03ceb89cb322a8fd706d4fb91940737b6642aa36998fe130a9bc96c985eff32
    # via
    #   jsonschema
    #   referencing
jinja2==3.1.6 \
    --hash=sha256:0137fb05990d35f1275a587e9aee6d56da821fc83491a0fb838183be43f66d6d \
    --hash=sha256:85ece4451f492d0c13c5dd7c13a64681a86afae63a5f347908daf103ce6d2f67
    # via latent-sre
jsonschema==4.26.0 \
    --hash=sha256:0c26707e2efad8aa1bfc5b7ce170f3fccc2e4918ff85989ba9ffa9facb2be326 \
    --hash=sha256:d489f15263b8d200f8387e64b4c3a75f06629559fb73deb8fdfb525f2dab50ce
    # via latent-sre
jsonschema-specifications==2025.9.1 \
    --hash=sha256:98802fee3a11ee76ecaca44429fda8a41bff98b00a0f2838151b113f210cc6fe \
    --hash=sha256:b540987f239e745613c7a9176f3edb72b832a4ac465cf02712288397832b5e8d
    # via jsonschema
markupsafe==3.0.3 \
    --hash=sha256:068f375c472b3e7acbe2d5318dea141359e6900156b5b2ba06a30b169086b91a \
    --hash=sha256:0bf2a864d67e76e5c9a34dc26ec616a66b9888e25e7b9460e1c76d3293bd9dbf \
    --hash=sha256:0db14f5dafddbb6d9208827849fad01f1a2609380add406671a26386cdf15a19 \
    --hash=sha256:0eb9ff8191e8498cca014656ae6b8d61f39da5f95b488805da4bb029cccbfbaf \
    --hash=sha256:1085e7fbddd3be5f89cc898938f42c0b3c711fdcb37d75221de2666af647c175 \
    --hash=sha256:116bb52f642a37c115f517494ea5feb03889e04df47eeff5b130b1808ce7c219 \
    --hash=sha256:12c63dfb4a98206f045aa9563db46507995f7ef6d83b2f68eda65c307c6829eb \
    --hash=sha256:133a43e73a802c5562be9bbcd03d090aa5a1fe899db609c29e8c8d815c5f6de6 \
    --hash=sha256:1353ef0c1b138e1907ae78e2f6c63ff67501122006b0f9abad68fda5f4ffc6ab \
    --hash=sha256:1872df69a4de6aead3491198eaf13810b565bdbeec3ae2dc8780f14458ec73ce \
    --hash=sha256:1b4b79e8ebf6b55351f0d91fe80f893b4743f104bff22e90697db1590e47a218 \
    --hash=sha256:1b52b4fb9df4eb9ae465f8d0c228a00624de2334f216f178a995ccdcf82c4634 \
    --hash=sha256:1cc7ea17a6824959616c525620e387f6dd30fec8cb44f649e31712db02123dad \
    --hash=sha256:218551f6df4868a8d527e3062d0fb968682fe92054e89978594c28e642c43a73 \
    --hash=sha256:26a5784ded40c9e318cfc2bdb30fe164bdb8665ded9cd64d500a34fb42067b1c \
    --hash=sha256:2713baf880df847f2bece4230d4d094280f4e67b1e813eec43b4c0e144a34ffe \
    --hash=sha256:32001d6a8fc98c8cb5c947787c5d08b0a50663d139f1305bac5885d98d9b40fa \
    --hash=sha256:3524b778fe5cfb3452a09d31e7b5adefeea8c5be1d43c4f810ba09f2ceb29d37 \
    --hash=sha256:35add3b638a5d900e807944a078b51922212fb3dedb01633a8defc4b01a3c85f \
    --hash=sha256:3a7e8ae81ae39e62a41ec302f972ba6ae23a5c5396c8e60113e9066ef893da0d \
    --hash=sha256:3b562dd9e9ea93f13d53989d23a7e775fdfd1066c33494ff43f5418bc8c58a5c \
    --hash=sha256:457a69a9577064c05a97c41f4e65148652db078a3a509039e64d3467b9e7ef97 \
    --hash=sha256:4bd4cd07944443f5a265608cc6aab442e4f74dff8088b0dfc8238647b8f6ae9a \
    --hash=sha256:4e885a3d1efa2eadc93c894a21770e4bc67899e3543680313b09f139e149ab19 \
    --hash=sha256:4faffd047e07c38848ce017e8725090413cd80cbc23d86e55c587bf979e579c9 \
    --hash=sha256:509fa21c6deb7a7a273d629cf5ec029bc209d1a51178615ddf718f5918992ab9 \
    --hash=sha256:5678211cb9333a6468fb8d8be0305520aa073f50d17f089b5b4b477ea6e67fdc \
    --hash=sha256:5a7d5dc5140555cf21a6fefbdbf8723f06fcd2f63ef108f2854de715e4422cb4 \
    --hash=sha256:69c0b73548bc525c8cb9a251cddf1931d1db4d2258e9599c28c07ef3580ef354 \
    --hash=sha256:6b5420a1d9450023228968e7e6a9ce57f65d148ab56d2313fcd589eee96a7a50 \
    --hash=sha256:722695808f4b6457b320fdc131280796bdceb04ab50fe1795cd540799ebe1698 \
    --hash=sha256:729586769a26dbceff69f7a7dbbf59ab6572b99d94576a5592625d5b411576b9 \
    --hash=sha256:77f0643abe7495da77fb436f50f8dab76dbc6e5fd25d39589a0f1fe6548bfa2b \
    --hash=sha256:795e7751525cae078558e679d646ae45574b47ed6e7771863fcc079a6171a0fc \
    --hash=sha256:7be7b61bb172e1ed687f1754f8e7484f1c8019780f6f6b0786e76bb01c2ae115 \
    --hash=sha256:7e68f88e5b8799aa49c85cd116c932a1ac15caaa3f5db09087854d218359e485 \
    --hash=sha256:83891d0e9fb81a825d9a6d61e3f07550ca70a076484292a70fde82c4b807286f \
    --hash=sha256:8485f406a96febb5140bfeca44a73e3ce5116b2501ac54fe953e488fb1d03b12 \
    --hash=sha256:8709b08f4a89aa7586de0aadc8da56180242ee0ada3999749b183aa23df95025 \
    --hash=sha256:8f71bc33915be5186016f675cd83a1e08523649b0e33efdb898db577ef5bb009 \
    --hash=sha256:915c04ba3851909ce68ccc2b8e2cd691618c4dc4c4232fb7982bca3f41fd8c3d \
    --hash=sha256:94c6f0bb423f739146aec64595853541634bde58b2135f27f61c1ffd1cd4d16a \
    --hash=sha256:9a1abfdc021a164803f4d485104931fb8f8c1efd55bc6b748d2f5774e78b62c5 \
    --hash=sha256:9b79b7a16f7fedff2495d684f2b59b0457c3b493778c9eed31111be64d58279f \
    --hash=sha256:a4afe79fb3de0b7097d81da19090f4df4f8d3a2b3adaa8764138aac2e44f3af1 \
    --hash=sha256:ad2cf8aa28b8c020ab2fc8287b0f823d0a7d8630784c31e9ee5edea20f406287 \
    --hash=sha256:b8512a91625c9b3da6f127803b166b629725e68af71f8184ae7e7d54686a56d6 \
    --hash=sha256:bc51efed119bc9cfdf792cdeaa4d67e8f6fcccab66ed4bfdd6bde3e59bfcbb2f \
    --hash=sha256:bdc919ead48f234740ad807933cdf545180bfbe9342c2bb451556db2ed958581 \
    --hash=sha256:bdd37121970bfd8be76c5fb069c7751683bdf373db1ed6c010162b2a130248ed \
    --hash=sha256:be8813b57049a7dc738189df53d69395eba14fb99345e0a5994914a3864c8a4b \
    --hash=sha256:c47a551199eb8eb2121d4f0f15ae0f923d31350ab9280078d1e5f12b249e0026 \
    --hash=sha256:ccfcd093f13f0f0b7fdd0f198b90053bf7b2f02a3927a30e63f3ccc9df56b676 \
    --hash=sha256:d53197da72cc091b024dd97249dfc7794d6a56530370992a5e1a08983ad9230e \
    --hash=sha256:d6dd0be5b5b189d31db7cda48b91d7e0a9795f31430b7f271219ab30f1d3ac9d \
    --hash=sha256:d88b440e37a16e651bda4c7c2b930eb586fd15ca7406cb39e211fcff3bf3017d \
    --hash=sha256:de8a88e63464af587c950061a5e6a67d3632e36df62b986892331d4620a35c01 \
    --hash=sha256:e1cf1972137e83c5d4c136c43ced9ac51d0e124706ee1c8aa8532c1287fa8795 \
    --hash=sha256:e56b7d45a839a697b5eb268c82a71bd8c7f6c94d6fd50c3d577fa39a9f1409f5 \
    --hash=sha256:e8afc3f2ccfa24215f8cb28dcf43f0113ac3c37c2f0f0806d8c70e4228c5cf4d \
    --hash=sha256:eaa9599de571d72e2daf60164784109f19978b327a3910d3e9de8c97b5b70cfe \
    --hash=sha256:ec15a59cf5af7be74194f7ab02d0f59a62bdcf1a537677ce67a2537c9b87fcda \
    --hash=sha256:f190daf01f13c72eac4efd5c430a8de82489d9cff23c364c3ea822545032993e \
    --hash=sha256:f34c41761022dd093b4b6896d4810782ffbabe30f2d443ff5f083e0cbbb8c737 \
    --hash=sha256:f3e98bb3798ead92273dc0e5fd0f31ade220f59a266ffd8a4f6065e0a3ce0523 \
    --hash=sha256:f9e130248f4462aaa8e2552d547f36ddadbeaa573879158d721bbd33dfe4743a \
    --hash=sha256:fed51ac40f757d41b7c48425901843666a6677e3e8eb0abcff09e4ba6e664f50
    # via jinja2
referencing==0.37.0 \
    --hash=sha256:381329a9f99628c9069361716891d34ad94af76e461dcb0335825aecc7692231 \
    --hash=sha256:44aefc3142c5b842538163acb373e24cce6632bd54bdb01b21ad5863489f50d8
    # via
    #   jsonschema
    #   jsonschema-specifications
rpds-py==2026.5.1 \
    --hash=sha256:01d17b29c0c23d82b1f4751147ec49cf451f1fc2554eb9ef5f957e55d2656ead \
    --hash=sha256:036a36a87fb1cd3b214d11c4b3c4f7d2ddad933625dca1c900b56a057c07740a \
    --hash=sha256:0408a24e44feb919423dc6d9da677cb5cddb894d2ca9e763967d156d9c60fab4 \
    --hash=sha256:07b24fea40541e28570e5b795a4a38fbdcd12550c06bd0748005ecc8116ca256 \
    --hash=sha256:0957cf3c2b8632ec7aaebffebea8005b353cc2a237b6e2ae3c2cac0820704cfb \
    --hash=sha256:0a5ae4dbe43c1076983b72616496919872ae7bbe7a1e21cc48336bc3154d130b \
    --hash=sha256:0a7d1eec967df0e9b22614a5e177622e0c89611d03727fa0cb48e45028907870 \
    --hash=sha256:0b35217adefe87f2fe4db7e9766cabe84744bfe9616d9667be18988928c7f2dc \
    --hash=sha256:0fa92420128dadce7f54bd73ba1825a273e9268fe9e35dbf7e6362890efa4e08 \
    --hash=sha256:141c9498daf2ace9eda35d2b0e376f9ea8b058d84f2aef4f96fccfd449a2f251 \
    --hash=sha256:1841d067089e117142d79b98aa0df2f08b52f2ecc1819dd2700636c0db74a473 \
    --hash=sha256:19cb09fab7b7fc96b2a6e28f2e34b72a3705ff27b37edb77455316e5d3f3dc9b \
    --hash=sha256:1c27c5f6102eac8c03e7595a00827a53b271ba40a53b59ff8709170e0855ea4a \
    --hash=sha256:1ebb2f0ab7e16132995a72de805170e0203df0c3dd22e1ef1cd1fdd90bd7a131 \
    --hash=sha256:1f2c391c3059798093b65df23aca2cac150460ae9c630d99dec83d703d9485b9 \
    --hash=sha256:205dde846f24332ab0c1188699a043b8d165b79bb84529ce272c45048ff6be01 \
    --hash=sha256:21846aac0ed2e0589f38c12dc44e77bb64e494b771eadbcf169cba00566ba7ba \
    --hash=sha256:21942f52dbbd5f8758bf021213d28bd45c39e873e65e2407faf5f1846f5761ad \
    --hash=sha256:277f6c82f0580848796c7ecc8a7173aa3bfb928e4ff831261c2f60a81dc270db \
    --hash=sha256:27b74c10ed6a8f190f4287f53bcfea348b92a84a9c9f70d30183d1e6172d580d \
    --hash=sha256:296c799becfa849c779c8725494fe9ed94959ed886787df4364b058465bad7f0 \
    --hash=sha256:2c595a1d9255dce0599e13130d1440ab2506654f2b50294226ee06402f8fef63 \
    --hash=sha256:2c817a189d4ee14290420e5ff051e4dd6baa13f3edf84685071dee07a6d538ee \
    --hash=sha256:2d88621d6a7d4dfa633d21abe90f280bb205274e16b1d1e61c6ad4640b2453b7 \
    --hash=sha256:3350ec808fb538fe71a1f94dfaa0e29c598dfad805ce49f0caec5ae3183c652b \
    --hash=sha256:3397a5ed7174dc2786bb214030232fc36fe8e5584fec43a9952cc542b1a12036 \
    --hash=sha256:3574b55c604b8f75dacb007136508bbc0db406e626301778096a133327e7f2fb \
    --hash=sha256:3609e9939a8a76cd904cf98a3f1f13b5dc7e150adeaee89e0ea09652ea213e16 \
    --hash=sha256:3684a59b158a7683aaeb8e25352e9a9dd2122cec78f2d8530266e4f91b4c7b3f \
    --hash=sha256:3966b82dd563176396df030f3dd52a6e54cb69b718e95e78bd555ed3d1e0185d \
    --hash=sha256:3abe24a66e57adcfa645d718063a5fa5103ecc71ddbf26d78af8f9368018ff1d \
    --hash=sha256:40ff257542e04796880e011e15cd4dc21c2599975df2aaa8f2c8495ca574e1a5 \
    --hash=sha256:413b424f7c4ee65ab5e5be91f5731be0f8b41a1ee2b12dfe810d716312e95a78 \
    --hash=sha256:42d0f20e85e549c870749d0e247f0c10d318a45b7e9676d575d2dcb04a1b2e66 \
    --hash=sha256:43bca78665423cabae77146f2fe7ce55272b6c8d55d82cca83effd42c7e13972 \
    --hash=sha256:453895624ecf7db7063b1004e44037522bbaef9ff6a945e59bc71662d7a03abd \
    --hash=sha256:4860b603ddda0475a8885499b3729e90229d480105b42651962a5397d995fa89 \
    --hash=sha256:4be8b1d2a705cc37d08256004e1d07de143fa0075c8e85a3df020b776f62b732 \
    --hash=sha256:4e237e139f94d3c036fd28eb9f564c99055476ff4ff05cd42be55ce349b5aa02 \
    --hash=sha256:4fb8d2e7cb2f850b169806d61d1b991738acec96500a75c30f49caf064ce7cef \
    --hash=sha256:55d8f9b7b78c9538fc9e04e82ec0e888ff0c3cffcfad152c77e57cd09351a98a \
    --hash=sha256:58b1d94308ddf0b1982f61f2eb54bf92997c9ece8a8093ef014250f4a517906c \
    --hash=sha256:5d333a7127d4b307601ac37792bee01bb95c867cbfacf21b6375b804d6bbd723 \
    --hash=sha256:613fc4ee9eaef26dc5840666214dd6fbcebcf32f46e76f4abc473059f4e13dda \
    --hash=sha256:6142dbd80c4df62a5d899f0d616d417f84e0bc8d32526c8e5589019d75d028a7 \
    --hash=sha256:62ae3853454fe9ef283a03c96c2d835d39e84b14643a9d62c82ef0fb87d702ca \
    --hash=sha256:63c2c4c213f1a4e3f3de28ecab029dbdee976324e729c0d7a55211be72576b02 \
    --hash=sha256:656a042550878f12d45752452d47094b7cfe5ad1e9d7b87b5a22ad3ae5ff8015 \
    --hash=sha256:66c93681c4729e4e3ecba31b8179fae083ff3118841672835140338b4b9867c1 \
    --hash=sha256:6736718bd4fc49cbcb538ba30516fdbef161522acefb739657d48b97bd864fed \
    --hash=sha256:68700371c5d7ae1412862ddfa719090925c93ecf351c566d66f09d04b136ea00 \
    --hash=sha256:6c3d771a46ec18b12af06ce36243a9a80b07a5d0515236332d90863ca8bb326a \
    --hash=sha256:6c7fcf61d44cacecaf3aea542b0e053db77972a4573e7ceda16fb2b399161195 \
    --hash=sha256:6f249f8b860a200ad35193af961183ebe9132710484e6f6ce0cf89fd83c63a9a \
    --hash=sha256:73c4bd4f70294737b5206a3e8e30ccadbf8a60301831c8ea23eec5dbeea1ecfa \
    --hash=sha256:7559f72b94ae52659086c595dfa017cde03155f7832071d30959049052cb3ece \
    --hash=sha256:75808f6c38ce7749bb68cc2770161aae5045e6c6f6781a9782e74b93304399df \
    --hash=sha256:77c004fdc7b891967106f78ddfd7b076bfe6813c6139c6fff6aed3bcaa960b26 \
    --hash=sha256:7818f8d0a415be74d2be3590b0a1c1f463a642f4d0217e7d10602dceef5b79aa \
    --hash=sha256:7944270ae71383f6e2657dd7d5ce4eeb4ac2d0059a6738f0510583d462ab4842 \
    --hash=sha256:7bd530e6a530bb3ea892f194fafa455f3516ac25ecf7143fd33c09be62b0470a \
    --hash=sha256:8213afbe8a3a906fb9acb2014423fe3359ee783d0bf90995f70623a3217bfa6c \
    --hash=sha256:83bcf894486c9d78dd290d3c0124ff6dd8875d3025e2090a8ec49fcc37c55fdd \
    --hash=sha256:85264a90ff4c05c1568dd65f5921c837614b67c60358fb4c17df3b7f2e90690a \
    --hash=sha256:88647f43a73c4e01be19b04ceef0c8d3a1958153604d13c773becd8016f2a0cf \
    --hash=sha256:8895840ac4809e5f60c88fd07617cd71326e73d6e5a8aa783c5c0f7c24985de2 \
    --hash=sha256:8ba264fa49be666cd9cc56bf34ec7002fb3d27a4aee5bcb4d43d0d18feb1bb6f \
    --hash=sha256:8bff7073db3899158fff55ebf57b113a67030af26f80a18978f9f0aa60250ddf \
    --hash=sha256:8c43a8a973270fd173bf48cdf80bbe66312421cba68d40845034f174f2389049 \
    --hash=sha256:90bd6630002a1c7f09e7843dd79f0d24f3d2897cc25a753480917865d14f15b3 \
    --hash=sha256:90f628283be835db980c941767d41c9a27b5239e54ba0a9c1335247e82406964 \
    --hash=sha256:94068eb3ae6d43f5a786b7db96a406a34e6d5c24489feef32fd6e8946ea7b291 \
    --hash=sha256:980450826cf22e133c57e0835070bdd0dd3f73b9b708c3ce223def2cb9469e14 \
    --hash=sha256:99ab6ba7bfa2cb0f96a04e3652355bf04e3f51aceb1e943b8541dab7ba4828cc \
    --hash=sha256:9af8905b8f854990e40d5206aa5ac58d9b0fe0b7f351ff2bb086c20f6c8c6a47 \
    --hash=sha256:9baffb505aff33acc69b422a19f77806680f3c8632227d79f48de8a810d1c2c5 \
    --hash=sha256:9cdddb6c1207d284d94fd1530adf57fbd797fe7c4b8704ba85f49414f2557e7d \
    --hash=sha256:9e25b7088f9ccbfc0dfcaa52bf969300ca229e10ecf758974ebcbb080a4b37bb \
    --hash=sha256:a04df86b3f0fade39ec8fd0e0aab089b1da9fbd2b48df778a57ef96f5e7d38df \
    --hash=sha256:a05fa4f41f37ec97c9c260441a940450a192f78d774d2b097eee1379f1e1246a \
    --hash=sha256:a2999883eedf72fdfb7520b92c7d4ec2572a71ff40239377aa604cc529eecafc \
    --hash=sha256:aad1bff7f666b9598e573815affd666aac6a13a585dde336f843e33350c7fadc \
    --hash=sha256:abe76bcdba31e576cb83eeb8797aa0d882b738fef6dc65d0601fc753806a5b46 \
    --hash=sha256:ad3773236e95f7f33991eb125224b7da66f206504d032a253a02da7e134519fb \
    --hash=sha256:af03e34e860047bc7a352b842856fcf78798fbb81132cc98bd2f907ab4eb9cd2 \
    --hash=sha256:b1b964e3ab599e718dc46c018d104b1ebc007cbc6567d827c94a687fca56d77e \
    --hash=sha256:b1be5c35683684d5331b93600c210e8367c254683d8a6df6bd21bd2da3a334fb \
    --hash=sha256:b317c87a13f769a4e787819bd508aaa5d69aa09b0880de9af6d3a8a54571cdec \
    --hash=sha256:b3cc20c0d800af78fd0fac68086e28c1856cec51ea528bb81ea851aa40d39325 \
    --hash=sha256:b4e4bc98639ec915f512fde3aa7a95e0041d95d9c3cc86eea841fa63cb1e8600 \
    --hash=sha256:b5c30f3f04eef4fbd362226a6f31d7c8895ca4fbb6e0b790f6890a98d8da8559 \
    --hash=sha256:b5f077b44a4f7808520f66dae234988d867deb9aed9be5da057ce9ba831b2a41 \
    --hash=sha256:b6825cc329b290e93c5f6a9be2393118a763f6ccf6abd83704e0c102ca583644 \
    --hash=sha256:b8d2f912928d426e8cfa396f7f3f8d29a59e6689c86dcca3c420730c1096322b \
    --hash=sha256:b95d5e11fc712b752081183a55a244c03cd00570489edd7014d8899f8ceb8162 \
    --hash=sha256:b9a6528956191c48c52294a592dbd4a8386d7048bdb25c0efcb6b966466c6d83 \
    --hash=sha256:ba05adbf15d994c38ec0b7ab32e858e5110c21e9009a00a86545fd220f84e038 \
    --hash=sha256:c0f920015df2a504bebaba6d4c31ccf3fcf942f92655c086da30b671aad19aa6 \
    --hash=sha256:c396c1304de421050b3681ea70f371874b54d41b0151e96109758144c231e30b \
    --hash=sha256:c39f5b67a8a2e67179ada2a954227d670fe65fa9098457f698f56ddf248709b3 \
    --hash=sha256:c3df104083952a0e0c6f10de33e440eabe98fb6317d23e1a58c68f6df08d01b9 \
    --hash=sha256:c74005a7bb87752acf351c93897ec63ad77a07a0da7ecad9c050e32e7286ba34 \
    --hash=sha256:c93c629be4636cf54337bd5f06c104d55e42ced54d681f6fe21ae510a65116f6 \
    --hash=sha256:ca653c6546386227cd9800d1bef6a348099acf8db4250341da6d90f663d6dfcb \
    --hash=sha256:cacedb7a6e167680acba45ad5716e89067d225dc80da0d7040cae8c81d4572fa \
    --hash=sha256:cc68e231a77a5f0d774ae278a1f8e55c0456501820847c1e4efb3829f3441df6 \
    --hash=sha256:ce87129d9f2c14fa6c4a8601fb80eb4488c80d38a20cd13758ef11123e14995d \
    --hash=sha256:cea68bcd53467561ae2f96a6bdad1544299ba97b5b0ddcd5ac3d376e5c781c24 \
    --hash=sha256:cef8ac28d26f4dda3533060c20fbf80a325458fa9fd23ea72a73cdfa8e978838 \
    --hash=sha256:d0efbe45632665e53e3db8fe1e5692db58fc5cb9bab4459d570b83efefe11164 \
    --hash=sha256:d3858b908218ee108d0bbfb2095ccc237648053c9bf98affad7cb079acaf1d97 \
    --hash=sha256:de42116e69cb53b911cc34aee5ab98f36c597b822545045d49e938818b99e5e4 \
    --hash=sha256:df1d2a1996755b24b9ecee92cb4d36c28f86f464a6a173349c26bab41e94b8c2 \
    --hash=sha256:e07be2a9d7122bd6e82dea89814ef8dc893feb1aae97fec1630f3263bbb30e55 \
    --hash=sha256:e0b360f316d966b048b085857630b3cc51f3db2f07b06f440eac8f695374d1e3 \
    --hash=sha256:e10464d17df3b582745c25cec695cb9558bca2cb6ddb631aee1787fc72c767b2 \
    --hash=sha256:e3a8ae58895ac107ed934a6bf51e5846f95c53b9b940c2c6d310838fd5846358 \
    --hash=sha256:e4abbf391a70be864920858bf360f4fb380577c9a0f732438a1996726e2c195b \
    --hash=sha256:eaaea962c68cdc68d4a533ba985ab8e9484277910bbfaa2ab3ef7732667bfed8 \
    --hash=sha256:ed0954b524873214369184a9c82b0eaa45a3fbb9a798cd95b17e0d98499e7ea0 \
    --hash=sha256:edf2765d84e42447f112ad877af8fe1db0089aaec5b28e88d6eab45e7fe99cea \
    --hash=sha256:ef1013a8625c74043210190b246f5b1551e09757c1f356c6e4160ef96c5bc081 \
    --hash=sha256:efef4ac29c6ff495531eb17ee705b62841ecaa291b7c7077e848ea03e237164d \
    --hash=sha256:f3a5b10e8ce894825f380a8f1b6444cf73c294dfea62afbb2d13e3a9e630cec1 \
    --hash=sha256:f3df3d16ded76f1f8c9cdebd0e1ea55fdf4c23b812de189814da7cf229c22a81 \
    --hash=sha256:f414556f6e3958300ff941e40c9f97e3dc9774ddd1b3434c475d73dd354bbed3 \
    --hash=sha256:fc09f82e63d4bcd58149572f857a431bae851dc747e313c3b5bdf7abb907fda8 \
    --hash=sha256:fc0c0f878ea770a0a8a462456c5ad36fc9fe6358e6b76fdadc7f17575e0b8bf1 \
    --hash=sha256:fe71bca7d547acb17027c7fd1624ff8aae623499c498d3e7011182c4de5c25e0 \
    --hash=sha256:fea6e836d10abbe191d557d33bd58bd5987725fe63aa1eefe557d230209855bd
    # via
    #   jsonschema
    #   referencing
ruamel-yaml==0.18.17 \
    --hash=sha256:9091cd6e2d93a3a4b157ddb8fabf348c3de7f1fb1381346d985b6b247dcd8d3c \
    --hash=sha256:9c8ba9eb3e793efdf924b60d521820869d5bf0cb9c6f1b82d82de8295e290b9d
    # via latent-sre
ruamel-yaml-clib==0.2.15 ; python_full_version < '3.15' and platform_python_implementation == 'CPython' \
    --hash=sha256:014181cdec565c8745b7cbc4de3bf2cc8ced05183d986e6d1200168e5bb59490 \
    --hash=sha256:11e5499db1ccbc7f4b41f0565e4f799d863ea720e01d3e99fa0b7b5fcd7802c9 \
    --hash=sha256:1b45498cc81a4724a2d42273d6cfc243c0547ad7c6b87b4f774cb7bcc131c98d \
    --hash=sha256:2812ff359ec1f30129b62372e5f22a52936fac13d5d21e70373dbca5d64bb97c \
    --hash=sha256:2b216904750889133d9222b7b873c199d48ecbb12912aca78970f84a5aa1a4bc \
    --hash=sha256:331fb180858dd8534f0e61aa243b944f25e73a4dae9962bd44c46d1761126bbf \
    --hash=sha256:3eb199178b08956e5be6288ee0b05b2fb0b5c1f309725ad25d9c6ea7e27f962a \
    --hash=sha256:424ead8cef3939d690c4b5c85ef5b52155a231ff8b252961b6516ed7cf05f6aa \
    --hash=sha256:45702dfbea1420ba3450bb3dd9a80b33f0badd57539c6aac09f42584303e0db6 \
    --hash=sha256:46895c17ead5e22bea5e576f1db7e41cb273e8d062c04a6a49013d9f60996c25 \
    --hash=sha256:46e4cc8c43ef6a94885f72512094e482114a8a706d3c555a34ed4b0d20200600 \
    --hash=sha256:480894aee0b29752560a9de46c0e5f84a82602f2bc5c6cde8db9a345319acfdf \
    --hash=sha256:4b293a37dc97e2b1e8a1aec62792d1e52027087c8eea4fc7b5abd2bdafdd6642 \
    --hash=sha256:4d1032919280ebc04a80e4fb1e93f7a738129857eaec9448310e638c8bccefcf \
    --hash=sha256:4d3b58ab2454b4747442ac76fab66739c72b1e2bb9bd173d7694b9f9dbc9c000 \
    --hash=sha256:4dcec721fddbb62e60c2801ba08c87010bd6b700054a09998c4d09c08147b8fb \
    --hash=sha256:512571ad41bba04eac7268fe33f7f4742210ca26a81fe0c75357fa682636c690 \
    --hash=sha256:542d77b72786a35563f97069b9379ce762944e67055bea293480f7734b2c7e5e \
    --hash=sha256:56ea19c157ed8c74b6be51b5fa1c3aff6e289a041575f0556f66e5fb848bb137 \
    --hash=sha256:5fea0932358e18293407feb921d4f4457db837b67ec1837f87074667449f9401 \
    --hash=sha256:617d35dc765715fa86f8c3ccdae1e4229055832c452d4ec20856136acc75053f \
    --hash=sha256:64da03cbe93c1e91af133f5bec37fd24d0d4ba2418eaf970d7166b0a26a148a2 \
    --hash=sha256:65f48245279f9bb301d1276f9679b82e4c080a1ae25e679f682ac62446fac471 \
    --hash=sha256:713cd68af9dfbe0bb588e144a61aad8dcc00ef92a82d2e87183ca662d242f524 \
    --hash=sha256:71845d377c7a47afc6592aacfea738cc8a7e876d586dfba814501d8c53c1ba60 \
    --hash=sha256:753faf20b3a5906faf1fc50e4ddb8c074cb9b251e00b14c18b28492f933ac8ef \
    --hash=sha256:7e74ea87307303ba91073b63e67f2c667e93f05a8c63079ee5b7a5c8d0d7b043 \
    --hash=sha256:ab0df0648d86a7ecbd9c632e8f8d6b21bb21b5fc9d9e095c796cacf32a728d2d \
    --hash=sha256:ac9b8d5fa4bb7fd2917ab5027f60d4234345fd366fe39aa711d5dca090aa1467 \
    --hash=sha256:bdc06ad71173b915167702f55d0f3f027fc61abd975bd308a0968c02db4a4c3e \
    --hash=sha256:bf0846d629e160223805db9fe8cc7aec16aaa11a07310c50c8c7164efa440aec \
    --hash=sha256:bfd309b316228acecfa30670c3887dcedf9b7a44ea39e2101e75d2654522acd4 \
    --hash=sha256:c583229f336682b7212a43d2fa32c30e643d3076178fb9f7a6a14dde85a2d8bd \
    --hash=sha256:cb15a2e2a90c8475df45c0949793af1ff413acfb0a716b8b94e488ea95ce7cff \
    --hash=sha256:d290eda8f6ada19e1771b54e5706b8f9807e6bb08e873900d5ba114ced13e02c \
    --hash=sha256:def5663361f6771b18646620fca12968aae730132e104688766cf8a3b1d65922 \
    --hash=sha256:e5e9f630c73a490b758bf14d859a39f375e6999aea5ddd2e2e9da89b9953486a \
    --hash=sha256:ef71831bd61fbdb7aa0399d5c4da06bea37107ab5c79ff884cc07f2450910262 \
    --hash=sha256:f4421ab780c37210a07d138e56dd4b51f8642187cdfb433eb687fe8c11de0144 \
    --hash=sha256:f6d3655e95a80325b84c4e14c080b2470fe4f33b6846f288379ce36154993fb1 \
    --hash=sha256:fd4c928ddf6bce586285daa6d90680b9c291cfd045fc40aad34e445d57b1bf51
    # via ruamel-yaml
typing-extensions==4.15.0 ; python_full_version < '3.13' \
    --hash=sha256:0cea48d173cc12fa28ecabc3b837ea3cf6f38c6d1136f85cbaaf598984861466 \
    --hash=sha256:f0fa19c6845758ab08074a0cfa8b7aecb71c999ca73d62883bc25cc018c4e548
    # via referencing
